
Microsoft Visual Studio Solution File, Format Version 12.00
# Visual Studio Version 17
VisualStudioVersion = 17.8.34330.188
MinimumVisualStudioVersion = 10.0.40219.1
Project("{FAE04EC0-301F-11D3-BF4B-00C04F79EFBC}") = "pecanje", "pecanje\pecanje.csproj", "{D13BA4F9-3DAC-4F35-B6C7-6EDDB762BAEF}"
EndProject
Global
	GlobalSection(SolutionConfigurationPlatforms) = preSolution
		Debug|Any CPU = Debug|Any CPU
		Release|Any CPU = Release|Any CPU
	EndGlobalSection
	GlobalSection(ProjectConfigurationPlatforms) = postSolution
		{D13BA4F9-3DAC-4F35-B6C7-6EDDB762BAEF}.Debug|Any CPU.ActiveCfg = Debug|Any CPU
		{D13BA4F9-3DAC-4F35-B6C7-6EDDB762BAEF}.Debug|Any CPU.Build.0 = Debug|Any CPU
		{D13BA4F9-3DAC-4F35-B6C7-6EDDB762BAEF}.Release|Any CPU.ActiveCfg = Release|Any CPU
		{D13BA4F9-3DAC-4F35-B6C7-6EDDB762BAEF}.Release|Any CPU.Build.0 = Release|Any CPU
	EndGlobalSection
	GlobalSection(SolutionProperties) = preSolution
		HideSolutionNode = FALSE
	EndGlobalSection
	GlobalSection(ExtensibilityGlobals) = postSolution
		SolutionGuid = {6172C068-5AF6-4AA0-BEDD-D348954841B8}
	EndGlobalSection
EndGlobal
